
Microsoft Visual Studio Solution File, Format Version 12.00
# Visual Studio 15
VisualStudioVersion = 15.0.27428.2015
MinimumVisualStudioVersion = 10.0.40219.1
Project("{FAE04EC0-301F-11D3-BF4B-00C04F79EFBC}") = "AspNetMVCExample", "AspNetMVCExample\AspNetMVCExample.csproj", "{0F306338-D9BE-4C76-89CC-E5561A674974}"
EndProject
Project("{FAE04EC0-301F-11D3-BF4B-00C04F79EFBC}") = "AspNetMVCExample.Tests", "AspNetMVCExample.Tests\AspNetMVCExample.Tests.csproj", "{0F596DC8-2D6B-4964-BD92-50BEDE237525}"
EndProject
Global
	GlobalSection(SolutionConfigurationPlatforms) = preSolution
		Debug|Any CPU = Debug|Any CPU
		Release|Any CPU = Release|Any CPU
	EndGlobalSection
	GlobalSection(ProjectConfigurationPlatforms) = postSolution
		{0F306338-D9BE-4C76-89CC-E5561A674974}.Debug|Any CPU.ActiveCfg = Debug|Any CPU
		{0F306338-D9BE-4C76-89CC-E5561A674974}.Debug|Any CPU.Build.0 = Debug|Any CPU
		{0F306338-D9BE-4C76-89CC-E5561A674974}.Release|Any CPU.ActiveCfg = Release|Any CPU
		{0F306338-D9BE-4C76-89CC-E5561A674974}.Release|Any CPU.Build.0 = Release|Any CPU
		{0F596DC8-2D6B-4964-BD92-50BEDE237525}.Debug|Any CPU.ActiveCfg = Debug|Any CPU
		{0F596DC8-2D6B-4964-BD92-50BEDE237525}.Debug|Any CPU.Build.0 = Debug|Any CPU
		{0F596DC8-2D6B-4964-BD92-50BEDE237525}.Release|Any CPU.ActiveCfg = Release|Any CPU
		{0F596DC8-2D6B-4964-BD92-50BEDE237525}.Release|Any CPU.Build.0 = Release|Any CPU
	EndGlobalSection
	GlobalSection(SolutionProperties) = preSolution
		HideSolutionNode = FALSE
	EndGlobalSection
	GlobalSection(ExtensibilityGlobals) = postSolution
		SolutionGuid = {BA37ECF0-12D7-474B-B7AE-ABDD62865537}
	EndGlobalSection
EndGlobal
